
Microsoft Visual Studio Solution File, Format Version 12.00
# Visual Studio Version 17
VisualStudioVersion = 17.3.32922.545
MinimumVisualStudioVersion = 10.0.40219.1
Project("{FAE04EC0-301F-11D3-BF4B-00C04F79EFBC}") = "AbbyWeb", "AbbyWeb\AbbyWeb.csproj", "{B0DD22FD-C901-48FC-A1E5-5DBF88D5163A}"
EndProject
Global
	GlobalSection(SolutionConfigurationPlatforms) = preSolution
		Debug|Any CPU = Debug|Any CPU
		Release|Any CPU = Release|Any CPU
	EndGlobalSection
	GlobalSection(ProjectConfigurationPlatforms) = postSolution
		{B0DD22FD-C901-48FC-A1E5-5DBF88D5163A}.Debug|Any CPU.ActiveCfg = Debug|Any CPU
		{B0DD22FD-C901-48FC-A1E5-5DBF88D5163A}.Debug|Any CPU.Build.0 = Debug|Any CPU
		{B0DD22FD-C901-48FC-A1E5-5DBF88D5163A}.Release|Any CPU.ActiveCfg = Release|Any CPU
		{B0DD22FD-C901-48FC-A1E5-5DBF88D5163A}.Release|Any CPU.Build.0 = Release|Any CPU
	EndGlobalSection
	GlobalSection(SolutionProperties) = preSolution
		HideSolutionNode = FALSE
	EndGlobalSection
	GlobalSection(ExtensibilityGlobals) = postSolution
		SolutionGuid = {1F433477-0358-425A-9EEF-0E5DCB7C62B7}
	EndGlobalSection
EndGlobal
